// !$*UTF8*$!
{
	archiveVersion = 1;
	classes = {
	};
	objectVersion = 50;
	objects = {

/* Begin PBXBuildFile section */
		7403690D217379E100B8F043 /* PolygonInformation.swift in Sources */ = {isa = PBXBuildFile; fileRef = 7403690C217379E100B8F043 /* PolygonInformation.swift */; };
		7405291D2171E9C00070B5AA /* Networking.swift in Sources */ = {isa = PBXBuildFile; fileRef = 7405291C2171E9C00070B5AA /* Networking.swift */; };
		7405291F2171EEC20070B5AA /* CourseTableViewController.swift in Sources */ = {isa = PBXBuildFile; fileRef = 7405291E2171EEC20070B5AA /* CourseTableViewController.swift */; };
		7408E28721722D980064BDB5 /* Point.swift in Sources */ = {isa = PBXBuildFile; fileRef = 7408E28621722D980064BDB5 /* Point.swift */; };
		7408E28D217230470064BDB5 /* Zone.swift in Sources */ = {isa = PBXBuildFile; fileRef = 7408E28C217230470064BDB5 /* Zone.swift */; };
		74A5A0252170BAEC00199E62 /* AppDelegate.swift in Sources */ = {isa = PBXBuildFile; fileRef = 74A5A0242170BAEC00199E62 /* AppDelegate.swift */; };
		74A5A0272170BAEC00199E62 /* MapperViewController.swift in Sources */ = {isa = PBXBuildFile; fileRef = 74A5A0262170BAEC00199E62 /* MapperViewController.swift */; };
		74A5A02C2170BAEC00199E62 /* Main.storyboard in Resources */ = {isa = PBXBuildFile; fileRef = 74A5A02A2170BAEC00199E62 /* Main.storyboard */; };
		74A5A0312170BAEF00199E62 /* LaunchScreen.storyboard in Resources */ = {isa = PBXBuildFile; fileRef = 74A5A02F2170BAEF00199E62 /* LaunchScreen.storyboard */; };
		74A5A03C2170BAEF00199E62 /* IOSMapperAppTests.swift in Sources */ = {isa = PBXBuildFile; fileRef = 74A5A03B2170BAEF00199E62 /* IOSMapperAppTests.swift */; };
		74A5A0472170BAEF00199E62 /* IOSMapperAppUITests.swift in Sources */ = {isa = PBXBuildFile; fileRef = 74A5A0462170BAEF00199E62 /* IOSMapperAppUITests.swift */; };
		74DE539E21732D3E00C3B69B /* ParentViewController.swift in Sources */ = {isa = PBXBuildFile; fileRef = 74DE539D21732D3E00C3B69B /* ParentViewController.swift */; };
		74DE53A0217338AE00C3B69B /* ModelFactory.swift in Sources */ = {isa = PBXBuildFile; fileRef = 74DE539F217338AE00C3B69B /* ModelFactory.swift */; };
		74FC883121760F010074C4C9 /* Assets.xcassets in Resources */ = {isa = PBXBuildFile; fileRef = 74FC883021760F010074C4C9 /* Assets.xcassets */; };
		859F3FA34FABD2FA5501D617 /* libPods-IOSMapperApp.a in Frameworks */ = {isa = PBXBuildFile; fileRef = 67F31745729E9BA7FE055BB8 /* libPods-IOSMapperApp.a */; };
/* End PBXBuildFile section */

/* Begin PBXContainerItemProxy section */
		74A5A0382170BAEF00199E62 /* PBXContainerItemProxy */ = {
			isa = PBXContainerItemProxy;
			containerPortal = 74A5A0192170BAEC00199E62 /* Project object */;
			proxyType = 1;
			remoteGlobalIDString = 74A5A0202170BAEC00199E62;
			remoteInfo = IOSMapperApp;
		};
		74A5A0432170BAEF00199E62 /* PBXContainerItemProxy */ = {
			isa = PBXContainerItemProxy;
			containerPortal = 74A5A0192170BAEC00199E62 /* Project object */;
			proxyType = 1;
			remoteGlobalIDString = 74A5A0202170BAEC00199E62;
			remoteInfo = IOSMapperApp;
		};
/* End PBXContainerItemProxy section */

/* Begin PBXFileReference section */
		3B556F73EBED437692A0645F /* Pods-IOSMapperApp.release.xcconfig */ = {isa = PBXFileReference; includeInIndex = 1; lastKnownFileType = text.xcconfig; name = "Pods-IOSMapperApp.release.xcconfig"; path = "Pods/Target Support Files/Pods-IOSMapperApp/Pods-IOSMapperApp.release.xcconfig"; sourceTree = "<group>"; };
		67F31745729E9BA7FE055BB8 /* libPods-IOSMapperApp.a */ = {isa = PBXFileReference; explicitFileType = archive.ar; includeInIndex = 0; path = "libPods-IOSMapperApp.a"; sourceTree = BUILT_PRODUCTS_DIR; };
		7403690C217379E100B8F043 /* PolygonInformation.swift */ = {isa = PBXFileReference; lastKnownFileType = sourcecode.swift; path = PolygonInformation.swift; sourceTree = "<group>"; };
		7405291C2171E9C00070B5AA /* Networking.swift */ = {isa = PBXFileReference; lastKnownFileType = sourcecode.swift; path = Networking.swift; sourceTree = "<group>"; };
		7405291E2171EEC20070B5AA /* CourseTableViewController.swift */ = {isa = PBXFileReference; lastKnownFileType = sourcecode.swift; path = CourseTableViewController.swift; sourceTree = "<group>"; };
		7408E28621722D980064BDB5 /* Point.swift */ = {isa = PBXFileReference; lastKnownFileType = sourcecode.swift; path = Point.swift; sourceTree = "<group>"; };
		7408E28C217230470064BDB5 /* Zone.swift */ = {isa = PBXFileReference; lastKnownFileType = sourcecode.swift; path = Zone.swift; sourceTree = "<group>"; };
		74A5A0212170BAEC00199E62 /* IOSMapperApp.app */ = {isa = PBXFileReference; explicitFileType = wrapper.application; includeInIndex = 0; path = IOSMapperApp.app; sourceTree = BUILT_PRODUCTS_DIR; };
		74A5A0242170BAEC00199E62 /* AppDelegate.swift */ = {isa = PBXFileReference; lastKnownFileType = sourcecode.swift; path = AppDelegate.swift; sourceTree = "<group>"; };
		74A5A0262170BAEC00199E62 /* MapperViewController.swift */ = {isa = PBXFileReference; lastKnownFileType = sourcecode.swift; path = MapperViewController.swift; sourceTree = "<group>"; };
		74A5A02B2170BAEC00199E62 /* Base */ = {isa = PBXFileReference; lastKnownFileType = file.storyboard; name = Base; path = Base.lproj/Main.storyboard; sourceTree = "<group>"; };
		74A5A0302170BAEF00199E62 /* Base */ = {isa = PBXFileReference; lastKnownFileType = file.storyboard; name = Base; path = Base.lproj/LaunchScreen.storyboard; sourceTree = "<group>"; };
		74A5A0322170BAEF00199E62 /* Info.plist */ = {isa = PBXFileReference; lastKnownFileType = text.plist.xml; path = Info.plist; sourceTree = "<group>"; };
		74A5A0372170BAEF00199E62 /* IOSMapperAppTests.xctest */ = {isa = PBXFileReference; explicitFileType = wrapper.cfbundle; includeInIndex = 0; path = IOSMapperAppTests.xctest; sourceTree = BUILT_PRODUCTS_DIR; };
		74A5A03B2170BAEF00199E62 /* IOSMapperAppTests.swift */ = {isa = PBXFileReference; lastKnownFileType = sourcecode.swift; path = IOSMapperAppTests.swift; sourceTree = "<group>"; };
		74A5A03D2170BAEF00199E62 /* Info.plist */ = {isa = PBXFileReference; lastKnownFileType = text.plist.xml; path = Info.plist; sourceTree = "<group>"; };
		74A5A0422170BAEF00199E62 /* IOSMapperAppUITests.xctest */ = {isa = PBXFileReference; explicitFileType = wrapper.cfbundle; includeInIndex = 0; path = IOSMapperAppUITests.xctest; sourceTree = BUILT_PRODUCTS_DIR; };
		74A5A0462170BAEF00199E62 /* IOSMapperAppUITests.swift */ = {isa = PBXFileReference; lastKnownFileType = sourcecode.swift; path = IOSMapperAppUITests.swift; sourceTree = "<group>"; };
		74A5A0482170BAEF00199E62 /* Info.plist */ = {isa = PBXFileReference; lastKnownFileType = text.plist.xml; path = Info.plist; sourceTree = "<group>"; };
		74DE539D21732D3E00C3B69B /* ParentViewController.swift */ = {isa = PBXFileReference; lastKnownFileType = sourcecode.swift; path = ParentViewController.swift; sourceTree = "<group>"; };
		74DE539F217338AE00C3B69B /* ModelFactory.swift */ = {isa = PBXFileReference; lastKnownFileType = sourcecode.swift; path = ModelFactory.swift; sourceTree = "<group>"; };
		74FC883021760F010074C4C9 /* Assets.xcassets */ = {isa = PBXFileReference; lastKnownFileType = folder.assetcatalog; path = Assets.xcassets; sourceTree = "<group>"; };
		C41CD92826074CDE52E724A6 /* Pods-IOSMapperApp.debug.xcconfig */ = {isa = PBXFileReference; includeInIndex = 1; lastKnownFileType = text.xcconfig; name = "Pods-IOSMapperApp.debug.xcconfig"; path = "Pods/Target Support Files/Pods-IOSMapperApp/Pods-IOSMapperApp.debug.xcconfig"; sourceTree = "<group>"; };
/* End PBXFileReference section */

/* Begin PBXFrameworksBuildPhase section */
		74A5A01E2170BAEC00199E62 /* Frameworks */ = {
			isa = PBXFrameworksBuildPhase;
			buildActionMask = 2147483647;
			files = (
				859F3FA34FABD2FA5501D617 /* libPods-IOSMapperApp.a in Frameworks */,
			);
			runOnlyForDeploymentPostprocessing = 0;
		};
		74A5A0342170BAEF00199E62 /* Frameworks */ = {
			isa = PBXFrameworksBuildPhase;
			buildActionMask = 2147483647;
			files = (
			);
			runOnlyForDeploymentPostprocessing = 0;
		};
		74A5A03F2170BAEF00199E62 /* Frameworks */ = {
			isa = PBXFrameworksBuildPhase;
			buildActionMask = 2147483647;
			files = (
			);
			runOnlyForDeploymentPostprocessing = 0;
		};
/* End PBXFrameworksBuildPhase section */

/* Begin PBXGroup section */
		1F33475352FF6B066991ED03 /* Frameworks */ = {
			isa = PBXGroup;
			children = (
				67F31745729E9BA7FE055BB8 /* libPods-IOSMapperApp.a */,
			);
			name = Frameworks;
			sourceTree = "<group>";
		};
		7408E28821722F620064BDB5 /* Models */ = {
			isa = PBXGroup;
			children = (
				7408E28621722D980064BDB5 /* Point.swift */,
				7408E28C217230470064BDB5 /* Zone.swift */,
				74DE539F217338AE00C3B69B /* ModelFactory.swift */,
				7403690C217379E100B8F043 /* PolygonInformation.swift */,
			);
			path = Models;
			sourceTree = "<group>";
		};
		7408E28921722F6D0064BDB5 /* Utils */ = {
			isa = PBXGroup;
			children = (
				7405291C2171E9C00070B5AA /* Networking.swift */,
			);
			path = Utils;
			sourceTree = "<group>";
		};
		7408E28A21722F780064BDB5 /* Controllers */ = {
			isa = PBXGroup;
			children = (
				74A5A0262170BAEC00199E62 /* MapperViewController.swift */,
				7405291E2171EEC20070B5AA /* CourseTableViewController.swift */,
				74DE539D21732D3E00C3B69B /* ParentViewController.swift */,
			);
			path = Controllers;
			sourceTree = "<group>";
		};
		7408E28B21722F870064BDB5 /* Storyboards */ = {
			isa = PBXGroup;
			children = (
				74A5A02A2170BAEC00199E62 /* Main.storyboard */,
				74A5A02F2170BAEF00199E62 /* LaunchScreen.storyboard */,
			);
			path = Storyboards;
			sourceTree = "<group>";
		};
		74A5A0182170BAEC00199E62 = {
			isa = PBXGroup;
			children = (
				74A5A0232170BAEC00199E62 /* IOSMapperApp */,
				74A5A03A2170BAEF00199E62 /* IOSMapperAppTests */,
				74A5A0452170BAEF00199E62 /* IOSMapperAppUITests */,
				74A5A0222170BAEC00199E62 /* Products */,
				B74474031FC67042538F346F /* Pods */,
				1F33475352FF6B066991ED03 /* Frameworks */,
			);
			sourceTree = "<group>";
		};
		74A5A0222170BAEC00199E62 /* Products */ = {
			isa = PBXGroup;
			children = (
				74A5A0212170BAEC00199E62 /* IOSMapperApp.app */,
				74A5A0372170BAEF00199E62 /* IOSMapperAppTests.xctest */,
				74A5A0422170BAEF00199E62 /* IOSMapperAppUITests.xctest */,
			);
			name = Products;
			sourceTree = "<group>";
		};
		74A5A0232170BAEC00199E62 /* IOSMapperApp */ = {
			isa = PBXGroup;
			children = (
				74FC883021760F010074C4C9 /* Assets.xcassets */,
				7408E28B21722F870064BDB5 /* Storyboards */,
				7408E28A21722F780064BDB5 /* Controllers */,
				7408E28921722F6D0064BDB5 /* Utils */,
				7408E28821722F620064BDB5 /* Models */,
				74A5A0242170BAEC00199E62 /* AppDelegate.swift */,
				74A5A0322170BAEF00199E62 /* Info.plist */,
			);
			path = IOSMapperApp;
			sourceTree = "<group>";
		};
		74A5A03A2170BAEF00199E62 /* IOSMapperAppTests */ = {
			isa = PBXGroup;
			children = (
				74A5A03B2170BAEF00199E62 /* IOSMapperAppTests.swift */,
				74A5A03D2170BAEF00199E62 /* Info.plist */,
			);
			path = IOSMapperAppTests;
			sourceTree = "<group>";
		};
		74A5A0452170BAEF00199E62 /* IOSMapperAppUITests */ = {
			isa = PBXGroup;
			children = (
				74A5A0462170BAEF00199E62 /* IOSMapperAppUITests.swift */,
				74A5A0482170BAEF00199E62 /* Info.plist */,
			);
			path = IOSMapperAppUITests;
			sourceTree = "<group>";
		};
		B74474031FC67042538F346F /* Pods */ = {
			isa = PBXGroup;
			children = (
				C41CD92826074CDE52E724A6 /* Pods-IOSMapperApp.debug.xcconfig */,
				3B556F73EBED437692A0645F /* Pods-IOSMapperApp.release.xcconfig */,
			);
			name = Pods;
			sourceTree = "<group>";
		};
/* End PBXGroup section */

/* Begin PBXNativeTarget section */
		74A5A0202170BAEC00199E62 /* IOSMapperApp */ = {
			isa = PBXNativeTarget;
			buildConfigurationList = 74A5A04B2170BAEF00199E62 /* Build configuration list for PBXNativeTarget "IOSMapperApp" */;
			buildPhases = (
				C2B1262648B9DFAB5A9C656F /* [CP] Check Pods Manifest.lock */,
				74A5A01D2170BAEC00199E62 /* Sources */,
				74A5A01E2170BAEC00199E62 /* Frameworks */,
				74A5A01F2170BAEC00199E62 /* Resources */,
			);
			buildRules = (
			);
			dependencies = (
			);
			name = IOSMapperApp;
			productName = IOSMapperApp;
			productReference = 74A5A0212170BAEC00199E62 /* IOSMapperApp.app */;
			productType = "com.apple.product-type.application";
		};
		74A5A0362170BAEF00199E62 /* IOSMapperAppTests */ = {
			isa = PBXNativeTarget;
			buildConfigurationList = 74A5A04E2170BAEF00199E62 /* Build configuration list for PBXNativeTarget "IOSMapperAppTests" */;
			buildPhases = (
				74A5A0332170BAEF00199E62 /* Sources */,
				74A5A0342170BAEF00199E62 /* Frameworks */,
				74A5A0352170BAEF00199E62 /* Resources */,
			);
			buildRules = (
			);
			dependencies = (
				74A5A0392170BAEF00199E62 /* PBXTargetDependency */,
			);
			name = IOSMapperAppTests;
			productName = IOSMapperAppTests;
			productReference = 74A5A0372170BAEF00199E62 /* IOSMapperAppTests.xctest */;
			productType = "com.apple.product-type.bundle.unit-test";
		};
		74A5A0412170BAEF00199E62 /* IOSMapperAppUITests */ = {
			isa = PBXNativeTarget;
			buildConfigurationList = 74A5A0512170BAEF00199E62 /* Build configuration list for PBXNativeTarget "IOSMapperAppUITests" */;
			buildPhases = (
				74A5A03E2170BAEF00199E62 /* Sources */,
				74A5A03F2170BAEF00199E62 /* Frameworks */,
				74A5A0402170BAEF00199E62 /* Resources */,
			);
			buildRules = (
			);
			dependencies = (
				74A5A0442170BAEF00199E62 /* PBXTargetDependency */,
			);
			name = IOSMapperAppUITests;
			productName = IOSMapperAppUITests;
			productReference = 74A5A0422170BAEF00199E62 /* IOSMapperAppUITests.xctest */;
			productType = "com.apple.product-type.bundle.ui-testing";
		};
/* End PBXNativeTarget section */

/* Begin PBXProject section */
		74A5A0192170BAEC00199E62 /* Project object */ = {
			isa = PBXProject;
			attributes = {
				LastSwiftUpdateCheck = 1000;
				LastUpgradeCheck = 1000;
				ORGANIZATIONNAME = "Eben Du Toit";
				TargetAttributes = {
					74A5A0202170BAEC00199E62 = {
						CreatedOnToolsVersion = 10.0;
					};
					74A5A0362170BAEF00199E62 = {
						CreatedOnToolsVersion = 10.0;
						TestTargetID = 74A5A0202170BAEC00199E62;
					};
					74A5A0412170BAEF00199E62 = {
						CreatedOnToolsVersion = 10.0;
						TestTargetID = 74A5A0202170BAEC00199E62;
					};
				};
			};
			buildConfigurationList = 74A5A01C2170BAEC00199E62 /* Build configuration list for PBXProject "IOSMapperApp" */;
			compatibilityVersion = "Xcode 9.3";
			developmentRegion = en;
			hasScannedForEncodings = 0;
			knownRegions = (
				en,
				Base,
			);
			mainGroup = 74A5A0182170BAEC00199E62;
			productRefGroup = 74A5A0222170BAEC00199E62 /* Products */;
			projectDirPath = "";
			projectRoot = "";
			targets = (
				74A5A0202170BAEC00199E62 /* IOSMapperApp */,
				74A5A0362170BAEF00199E62 /* IOSMapperAppTests */,
				74A5A0412170BAEF00199E62 /* IOSMapperAppUITests */,
			);
		};
/* End PBXProject section */

/* Begin PBXResourcesBuildPhase section */
		74A5A01F2170BAEC00199E62 /* Resources */ = {
			isa = PBXResourcesBuildPhase;
			buildActionMask = 2147483647;
			files = (
				74A5A0312170BAEF00199E62 /* LaunchScreen.storyboard in Resources */,
				74FC883121760F010074C4C9 /* Assets.xcassets in Resources */,
				74A5A02C2170BAEC00199E62 /* Main.storyboard in Resources */,
			);
			runOnlyForDeploymentPostprocessing = 0;
		};
		74A5A0352170BAEF00199E62 /* Resources */ = {
			isa = PBXResourcesBuildPhase;
			buildActionMask = 2147483647;
			files = (
			);
			runOnlyForDeploymentPostprocessing = 0;
		};
		74A5A0402170BAEF00199E62 /* Resources */ = {
			isa = PBXResourcesBuildPhase;
			buildActionMask = 2147483647;
			files = (
			);
			runOnlyForDeploymentPostprocessing = 0;
		};
/* End PBXResourcesBuildPhase section */

/* Begin PBXShellScriptBuildPhase section */
		C2B1262648B9DFAB5A9C656F /* [CP] Check Pods Manifest.lock */ = {
			isa = PBXShellScriptBuildPhase;
			buildActionMask = 2147483647;
			files = (
			);
			inputFileListPaths = (
			);
			inputPaths = (
				"${PODS_PODFILE_DIR_PATH}/Podfile.lock",
				"${PODS_ROOT}/Manifest.lock",
			);
			name = "[CP] Check Pods Manifest.lock";
			outputFileListPaths = (
			);
			outputPaths = (
				"$(DERIVED_FILE_DIR)/Pods-IOSMapperApp-checkManifestLockResult.txt",
			);
			runOnlyForDeploymentPostprocessing = 0;
			shellPath = /bin/sh;
			shellScript = "diff \"${PODS_PODFILE_DIR_PATH}/Podfile.lock\" \"${PODS_ROOT}/Manifest.lock\" > /dev/null\nif [ $? != 0 ] ; then\n    # print error to STDERR\n    echo \"error: The sandbox is not in sync with the Podfile.lock. Run 'pod install' or update your CocoaPods installation.\" >&2\n    exit 1\nfi\n# This output is used by Xcode 'outputs' to avoid re-running this script phase.\necho \"SUCCESS\" > \"${SCRIPT_OUTPUT_FILE_0}\"\n";
			showEnvVarsInLog = 0;
		};
/* End PBXShellScriptBuildPhase section */

/* Begin PBXSourcesBuildPhase section */
		74A5A01D2170BAEC00199E62 /* Sources */ = {
			isa = PBXSourcesBuildPhase;
			buildActionMask = 2147483647;
			files = (
				7405291F2171EEC20070B5AA /* CourseTableViewController.swift in Sources */,
				74A5A0252170BAEC00199E62 /* AppDelegate.swift in Sources */,
				74A5A0272170BAEC00199E62 /* MapperViewController.swift in Sources */,
				74DE539E21732D3E00C3B69B /* ParentViewController.swift in Sources */,
				7408E28721722D980064BDB5 /* Point.swift in Sources */,
				7405291D2171E9C00070B5AA /* Networking.swift in Sources */,
				74DE53A0217338AE00C3B69B /* ModelFactory.swift in Sources */,
				7403690D217379E100B8F043 /* PolygonInformation.swift in Sources */,
				7408E28D217230470064BDB5 /* Zone.swift in Sources */,
			);
			runOnlyForDeploymentPostprocessing = 0;
		};
		74A5A0332170BAEF00199E62 /* Sources */ = {
			isa = PBXSourcesBuildPhase;
			buildActionMask = 2147483647;
			files = (
				74A5A03C2170BAEF00199E62 /* IOSMapperAppTests.swift in Sources */,
			);
			runOnlyForDeploymentPostprocessing = 0;
		};
		74A5A03E2170BAEF00199E62 /* Sources */ = {
			isa = PBXSourcesBuildPhase;
			buildActionMask = 2147483647;
			files = (
				74A5A0472170BAEF00199E62 /* IOSMapperAppUITests.swift in Sources */,
			);
			runOnlyForDeploymentPostprocessing = 0;
		};
/* End PBXSourcesBuildPhase section */

/* Begin PBXTargetDependency section */
		74A5A0392170BAEF00199E62 /* PBXTargetDependency */ = {
			isa = PBXTargetDependency;
			target = 74A5A0202170BAEC00199E62 /* IOSMapperApp */;
			targetProxy = 74A5A0382170BAEF00199E62 /* PBXContainerItemProxy */;
		};
		74A5A0442170BAEF00199E62 /* PBXTargetDependency */ = {
			isa = PBXTargetDependency;
			target = 74A5A0202170BAEC00199E62 /* IOSMapperApp */;
			targetProxy = 74A5A0432170BAEF00199E62 /* PBXContainerItemProxy */;
		};
/* End PBXTargetDependency section */

/* Begin PBXVariantGroup section */
		74A5A02A2170BAEC00199E62 /* Main.storyboard */ = {
			isa = PBXVariantGroup;
			children = (
				74A5A02B2170BAEC00199E62 /* Base */,
			);
			name = Main.storyboard;
			sourceTree = "<group>";
		};
		74A5A02F2170BAEF00199E62 /* LaunchScreen.storyboard */ = {
			isa = PBXVariantGroup;
			children = (
				74A5A0302170BAEF00199E62 /* Base */,
			);
			name = LaunchScreen.storyboard;
			sourceTree = "<group>";
		};
/* End PBXVariantGroup section */

/* Begin XCBuildConfiguration section */
		74A5A0492170BAEF00199E62 /* Debug */ = {
			isa = XCBuildConfiguration;
			buildSettings = {
				ALWAYS_SEARCH_USER_PATHS = NO;
				CLANG_ANALYZER_NONNULL = YES;
				CLANG_ANALYZER_NUMBER_OBJECT_CONVERSION = YES_AGGRESSIVE;
				CLANG_CXX_LANGUAGE_STANDARD = "gnu++14";
				CLANG_CXX_LIBRARY = "libc++";
				CLANG_ENABLE_MODULES = YES;
				CLANG_ENABLE_OBJC_ARC = YES;
				CLANG_ENABLE_OBJC_WEAK = YES;
				CLANG_WARN_BLOCK_CAPTURE_AUTORELEASING = YES;
				CLANG_WARN_BOOL_CONVERSION = YES;
				CLANG_WARN_COMMA = YES;
				CLANG_WARN_CONSTANT_CONVERSION = YES;
				CLANG_WARN_DEPRECATED_OBJC_IMPLEMENTATIONS = YES;
				CLANG_WARN_DIRECT_OBJC_ISA_USAGE = YES_ERROR;
				CLANG_WARN_DOCUMENTATION_COMMENTS = YES;
				CLANG_WARN_EMPTY_BODY = YES;
				CLANG_WARN_ENUM_CONVERSION = YES;
				CLANG_WARN_INFINITE_RECURSION = YES;
				CLANG_WARN_INT_CONVERSION = YES;
				CLANG_WARN_NON_LITERAL_NULL_CONVERSION = YES;
				CLANG_WARN_OBJC_IMPLICIT_RETAIN_SELF = YES;
				CLANG_WARN_OBJC_LITERAL_CONVERSION = YES;
				CLANG_WARN_OBJC_ROOT_CLASS = YES_ERROR;
				CLANG_WARN_RANGE_LOOP_ANALYSIS = YES;
				CLANG_WARN_STRICT_PROTOTYPES = YES;
				CLANG_WARN_SUSPICIOUS_MOVE = YES;
				CLANG_WARN_UNGUARDED_AVAILABILITY = YES_AGGRESSIVE;
				CLANG_WARN_UNREACHABLE_CODE = YES;
				CLANG_WARN__DUPLICATE_METHOD_MATCH = YES;
				CODE_SIGN_IDENTITY = "iPhone Developer";
				COPY_PHASE_STRIP = NO;
				DEBUG_INFORMATION_FORMAT = dwarf;
				ENABLE_STRICT_OBJC_MSGSEND = YES;
				ENABLE_TESTABILITY = YES;
				GCC_C_LANGUAGE_STANDARD = gnu11;
				GCC_DYNAMIC_NO_PIC = NO;
				GCC_NO_COMMON_BLOCKS = YES;
				GCC_OPTIMIZATION_LEVEL = 0;
				GCC_PREPROCESSOR_DEFINITIONS = (
					"DEBUG=1",
					"$(inherited)",
				);
				GCC_WARN_64_TO_32_BIT_CONVERSION = YES;
				GCC_WARN_ABOUT_RETURN_TYPE = YES_ERROR;
				GCC_WARN_UNDECLARED_SELECTOR = YES;
				GCC_WARN_UNINITIALIZED_AUTOS = YES_AGGRESSIVE;
				GCC_WARN_UNUSED_FUNCTION = YES;
				GCC_WARN_UNUSED_VARIABLE = YES;
				IPHONEOS_DEPLOYMENT_TARGET = 12.0;
				MTL_ENABLE_DEBUG_INFO = INCLUDE_SOURCE;
				MTL_FAST_MATH = YES;
				ONLY_ACTIVE_ARCH = YES;
				SDKROOT = iphoneos;
				SWIFT_ACTIVE_COMPILATION_CONDITIONS = DEBUG;
				SWIFT_OPTIMIZATION_LEVEL = "-Onone";
			};
			name = Debug;
		};
		74A5A04A2170BAEF00199E62 /* Release */ = {
			isa = XCBuildConfiguration;
			buildSettings = {
				ALWAYS_SEARCH_USER_PATHS = NO;
				CLANG_ANALYZER_NONNULL = YES;
				CLANG_ANALYZER_NUMBER_OBJECT_CONVERSION = YES_AGGRESSIVE;
				CLANG_CXX_LANGUAGE_STANDARD = "gnu++14";
				CLANG_CXX_LIBRARY = "libc++";
				CLANG_ENABLE_MODULES = YES;
				CLANG_ENABLE_OBJC_ARC = YES;
				CLANG_ENABLE_OBJC_WEAK = YES;
				CLANG_WARN_BLOCK_CAPTURE_AUTORELEASING = YES;
				CLANG_WARN_BOOL_CONVERSION = YES;
				CLANG_WARN_COMMA = YES;
				CLANG_WARN_CONSTANT_CONVERSION = YES;
				CLANG_WARN_DEPRECATED_OBJC_IMPLEMENTATIONS = YES;
				CLANG_WARN_DIRECT_OBJC_ISA_USAGE = YES_ERROR;
				CLANG_WARN_DOCUMENTATION_COMMENTS = YES;
				CLANG_WARN_EMPTY_BODY = YES;
				CLANG_WARN_ENUM_CONVERSION = YES;
				CLANG_WARN_INFINITE_RECURSION = YES;
				CLANG_WARN_INT_CONVERSION = YES;
				CLANG_WARN_NON_LITERAL_NULL_CONVERSION = YES;
				CLANG_WARN_OBJC_IMPLICIT_RETAIN_SELF = YES;
				CLANG_WARN_OBJC_LITERAL_CONVERSION = YES;
				CLANG_WARN_OBJC_ROOT_CLASS = YES_ERROR;
				CLANG_WARN_RANGE_LOOP_ANALYSIS = YES;
				CLANG_WARN_STRICT_PROTOTYPES = YES;
				CLANG_WARN_SUSPICIOUS_MOVE = YES;
				CLANG_WARN_UNGUARDED_AVAILABILITY = YES_AGGRESSIVE;
				CLANG_WARN_UNREACHABLE_CODE = YES;
				CLANG_WARN__DUPLICATE_METHOD_MATCH = YES;
				CODE_SIGN_IDENTITY = "iPhone Developer";
				COPY_PHASE_STRIP = NO;
				DEBUG_INFORMATION_FORMAT = "dwarf-with-dsym";
				ENABLE_NS_ASSERTIONS = NO;
				ENABLE_STRICT_OBJC_MSGSEND = YES;
				GCC_C_LANGUAGE_STANDARD = gnu11;
				GCC_NO_COMMON_BLOCKS = YES;
				GCC_WARN_64_TO_32_BIT_CONVERSION = YES;
				GCC_WARN_ABOUT_RETURN_TYPE = YES_ERROR;
				GCC_WARN_UNDECLARED_SELECTOR = YES;
				GCC_WARN_UNINITIALIZED_AUTOS = YES_AGGRESSIVE;
				GCC_WARN_UNUSED_FUNCTION = YES;
				GCC_WARN_UNUSED_VARIABLE = YES;
				IPHONEOS_DEPLOYMENT_TARGET = 12.0;
				MTL_ENABLE_DEBUG_INFO = NO;
				MTL_FAST_MATH = YES;
				SDKROOT = iphoneos;
				SWIFT_COMPILATION_MODE = wholemodule;
				SWIFT_OPTIMIZATION_LEVEL = "-O";
				VALIDATE_PRODUCT = YES;
			};
			name = Release;
		};
		74A5A04C2170BAEF00199E62 /* Debug */ = {
			isa = XCBuildConfiguration;
			baseConfigurationReference = C41CD92826074CDE52E724A6 /* Pods-IOSMapperApp.debug.xcconfig */;
			buildSettings = {
				ASSETCATALOG_COMPILER_APPICON_NAME = AppIcon;
				CODE_SIGN_STYLE = Automatic;
				DEVELOPMENT_TEAM = UYF8JARA29;
				INFOPLIST_FILE = IOSMapperApp/Info.plist;
				IPHONEOS_DEPLOYMENT_TARGET = 11.4;
				LD_RUNPATH_SEARCH_PATHS = (
					"$(inherited)",
					"@executable_path/Frameworks",
				);
				PRODUCT_BUNDLE_IDENTIFIER = recursive.IOSMapperApp;
				PRODUCT_NAME = "$(TARGET_NAME)";
				SWIFT_VERSION = 4.2;
				TARGETED_DEVICE_FAMILY = "1,2";
			};
			name = Debug;
		};
		74A5A04D2170BAEF00199E62 /* Release */ = {
			isa = XCBuildConfiguration;
			baseConfigurationReference = 3B556F73EBED437692A0645F /* Pods-IOSMapperApp.release.xcconfig */;
			buildSettings = {
				ASSETCATALOG_COMPILER_APPICON_NAME = AppIcon;
				CODE_SIGN_STYLE = Automatic;
				DEVELOPMENT_TEAM = UYF8JARA29;
				INFOPLIST_FILE = IOSMapperApp/Info.plist;
				IPHONEOS_DEPLOYMENT_TARGET = 11.4;
				LD_RUNPATH_SEARCH_PATHS = (
					"$(inherited)",
					"@executable_path/Frameworks",
				);
				PRODUCT_BUNDLE_IDENTIFIER = recursive.IOSMapperApp;
				PRODUCT_NAME = "$(TARGET_NAME)";
				SWIFT_VERSION = 4.2;
				TARGETED_DEVICE_FAMILY = "1,2";
			};
			name = Release;
		};
		74A5A04F2170BAEF00199E62 /* Debug */ = {
			isa = XCBuildConfiguration;
			buildSettings = {
				ALWAYS_EMBED_SWIFT_STANDARD_LIBRARIES = YES;
				BUNDLE_LOADER = "$(TEST_HOST)";
				CODE_SIGN_STYLE = Automatic;
				INFOPLIST_FILE = IOSMapperAppTests/Info.plist;
				LD_RUNPATH_SEARCH_PATHS = (
					"$(inherited)",
					"@executable_path/Frameworks",
					"@loader_path/Frameworks",
				);
				PRODUCT_BUNDLE_IDENTIFIER = recursive.IOSMapperAppTests;
				PRODUCT_NAME = "$(TARGET_NAME)";
				SWIFT_VERSION = 4.2;
				TARGETED_DEVICE_FAMILY = "1,2";
				TEST_HOST = "$(BUILT_PRODUCTS_DIR)/IOSMapperApp.app/IOSMapperApp";
			};
			name = Debug;
		};
		74A5A0502170BAEF00199E62 /* Release */ = {
			isa = XCBuildConfiguration;
			buildSettings = {
				ALWAYS_EMBED_SWIFT_STANDARD_LIBRARIES = YES;
				BUNDLE_LOADER = "$(TEST_HOST)";
				CODE_SIGN_STYLE = Automatic;
				INFOPLIST_FILE = IOSMapperAppTests/Info.plist;
				LD_RUNPATH_SEARCH_PATHS = (
					"$(inherited)",
					"@executable_path/Frameworks",
					"@loader_path/Frameworks",
				);
				PRODUCT_BUNDLE_IDENTIFIER = recursive.IOSMapperAppTests;
				PRODUCT_NAME = "$(TARGET_NAME)";
				SWIFT_VERSION = 4.2;
				TARGETED_DEVICE_FAMILY = "1,2";
				TEST_HOST = "$(BUILT_PRODUCTS_DIR)/IOSMapperApp.app/IOSMapperApp";
			};
			name = Release;
		};
		74A5A0522170BAEF00199E62 /* Debug */ = {
			isa = XCBuildConfiguration;
			buildSettings = {
				ALWAYS_EMBED_SWIFT_STANDARD_LIBRARIES = YES;
				CODE_SIGN_STYLE = Automatic;
				INFOPLIST_FILE = IOSMapperAppUITests/Info.plist;
				LD_RUNPATH_SEARCH_PATHS = (
					"$(inherited)",
					"@executable_path/Frameworks",
					"@loader_path/Frameworks",
				);
				PRODUCT_BUNDLE_IDENTIFIER = recursive.IOSMapperAppUITests;
				PRODUCT_NAME = "$(TARGET_NAME)";
				SWIFT_VERSION = 4.2;
				TARGETED_DEVICE_FAMILY = "1,2";
				TEST_TARGET_NAME = IOSMapperApp;
			};
			name = Debug;
		};
		74A5A0532170BAEF00199E62 /* Release */ = {
			isa = XCBuildConfiguration;
			buildSettings = {
				ALWAYS_EMBED_SWIFT_STANDARD_LIBRARIES = YES;
				CODE_SIGN_STYLE = Automatic;
				INFOPLIST_FILE = IOSMapperAppUITests/Info.plist;
				LD_RUNPATH_SEARCH_PATHS = (
					"$(inherited)",
					"@executable_path/Frameworks",
					"@loader_path/Frameworks",
				);
				PRODUCT_BUNDLE_IDENTIFIER = recursive.IOSMapperAppUITests;
				PRODUCT_NAME = "$(TARGET_NAME)";
				SWIFT_VERSION = 4.2;
				TARGETED_DEVICE_FAMILY = "1,2";
				TEST_TARGET_NAME = IOSMapperApp;
			};
			name = Release;
		};
/* End XCBuildConfiguration section */

/* Begin XCConfigurationList section */
		74A5A01C2170BAEC00199E62 /* Build configuration list for PBXProject "IOSMapperApp" */ = {
			isa = XCConfigurationList;
			buildConfigurations = (
				74A5A0492170BAEF00199E62 /* Debug */,
				74A5A04A2170BAEF00199E62 /* Release */,
			);
			defaultConfigurationIsVisible = 0;
			defaultConfigurationName = Release;
		};
		74A5A04B2170BAEF00199E62 /* Build configuration list for PBXNativeTarget "IOSMapperApp" */ = {
			isa = XCConfigurationList;
			buildConfigurations = (
				74A5A04C2170BAEF00199E62 /* Debug */,
				74A5A04D2170BAEF00199E62 /* Release */,
			);
			defaultConfigurationIsVisible = 0;
			defaultConfigurationName = Release;
		};
		74A5A04E2170BAEF00199E62 /* Build configuration list for PBXNativeTarget "IOSMapperAppTests" */ = {
			isa = XCConfigurationList;
			buildConfigurations = (
				74A5A04F2170BAEF00199E62 /* Debug */,
				74A5A0502170BAEF00199E62 /* Release */,
			);
			defaultConfigurationIsVisible = 0;
			defaultConfigurationName = Release;
		};
		74A5A0512170BAEF00199E62 /* Build configuration list for PBXNativeTarget "IOSMapperAppUITests" */ = {
			isa = XCConfigurationList;
			buildConfigurations = (
				74A5A0522170BAEF00199E62 /* Debug */,
				74A5A0532170BAEF00199E62 /* Release */,
			);
			defaultConfigurationIsVisible = 0;
			defaultConfigurationName = Release;
		};
/* End XCConfigurationList section */
	};
	rootObject = 74A5A0192170BAEC00199E62 /* Project object */;
}
